// !$*UTF8*$!
{
	archiveVersion = 1;
	classes = {
	};
	objectVersion = 48;
	objects = {

/* Begin PBXBuildFile section */
		A12889D31FA01F3B0077BB62 /* BarLineScatterCandleBubbleChartDataProvider.h in Headers */ = {isa = PBXBuildFile; fileRef = A12889B81FA01F390077BB62 /* BarLineScatterCandleBubbleChartDataProvider.h */; settings = {ATTRIBUTES = (Public, ); }; };
		A12889D41FA01F3B0077BB62 /* ChartDataProvider.h in Headers */ = {isa = PBXBuildFile; fileRef = A12889B91FA01F390077BB62 /* ChartDataProvider.h */; settings = {ATTRIBUTES = (Public, ); }; };
		A12889D51FA01F3B0077BB62 /* DefaultAxisValueFormatter.h in Headers */ = {isa = PBXBuildFile; fileRef = A12889BD1FA01F3A0077BB62 /* DefaultAxisValueFormatter.h */; settings = {ATTRIBUTES = (Public, ); }; };
		A12889D61FA01F3B0077BB62 /* DefaultAxisValueFormatter.m in Sources */ = {isa = PBXBuildFile; fileRef = A12889BE1FA01F3A0077BB62 /* DefaultAxisValueFormatter.m */; };
		A12889D71FA01F3B0077BB62 /* IAxisValueFormatter.h in Headers */ = {isa = PBXBuildFile; fileRef = A12889BF1FA01F3A0077BB62 /* IAxisValueFormatter.h */; settings = {ATTRIBUTES = (Public, ); }; };
		A12889D81FA01F3B0077BB62 /* AxisBase.h in Headers */ = {isa = PBXBuildFile; fileRef = A12889C41FA01F3A0077BB62 /* AxisBase.h */; settings = {ATTRIBUTES = (Public, ); }; };
		A12889DA1FA01F3B0077BB62 /* ChartLimitLine.h in Headers */ = {isa = PBXBuildFile; fileRef = A12889C61FA01F3A0077BB62 /* ChartLimitLine.h */; settings = {ATTRIBUTES = (Public, ); }; };
		A12889DB1FA01F3B0077BB62 /* ChartLimitLine.m in Sources */ = {isa = PBXBuildFile; fileRef = A12889C71FA01F3A0077BB62 /* ChartLimitLine.m */; };
		A12889DC1FA01F3B0077BB62 /* ComponentBase.h in Headers */ = {isa = PBXBuildFile; fileRef = A12889C81FA01F3A0077BB62 /* ComponentBase.h */; settings = {ATTRIBUTES = (Public, ); }; };
		A12889DD1FA01F3B0077BB62 /* ComponentBase.m in Sources */ = {isa = PBXBuildFile; fileRef = A12889C91FA01F3A0077BB62 /* ComponentBase.m */; };
		A12889DE1FA01F3B0077BB62 /* BarLineChartViewBase.h in Headers */ = {isa = PBXBuildFile; fileRef = A12889CB1FA01F3A0077BB62 /* BarLineChartViewBase.h */; settings = {ATTRIBUTES = (Public, ); }; };
		A12889DF1FA01F3B0077BB62 /* BarLineChartViewBase.m in Sources */ = {isa = PBXBuildFile; fileRef = A12889CC1FA01F3A0077BB62 /* BarLineChartViewBase.m */; };
		A12889E01FA01F3B0077BB62 /* ChartViewBase.h in Headers */ = {isa = PBXBuildFile; fileRef = A12889CD1FA01F3A0077BB62 /* ChartViewBase.h */; settings = {ATTRIBUTES = (Public, ); }; };
		A12889E11FA01F3B0077BB62 /* ChartViewBase.m in Sources */ = {isa = PBXBuildFile; fileRef = A12889CE1FA01F3B0077BB62 /* ChartViewBase.m */; };
		A12889E21FA01F3B0077BB62 /* Animator.h in Headers */ = {isa = PBXBuildFile; fileRef = A12889D01FA01F3B0077BB62 /* Animator.h */; settings = {ATTRIBUTES = (Public, ); }; };
		A12889E31FA01F3B0077BB62 /* Animator.m in Sources */ = {isa = PBXBuildFile; fileRef = A12889D11FA01F3B0077BB62 /* Animator.m */; };
		A12889E41FA01F3B0077BB62 /* ChartAnimationEasing.h in Headers */ = {isa = PBXBuildFile; fileRef = A12889D21FA01F3B0077BB62 /* ChartAnimationEasing.h */; settings = {ATTRIBUTES = (Public, ); }; };
		A12889E51FA020B90077BB62 /* AxisBase.m in Sources */ = {isa = PBXBuildFile; fileRef = A12889C51FA01F3A0077BB62 /* AxisBase.m */; };
		A12889E81FA021B00077BB62 /* XAxis.h in Headers */ = {isa = PBXBuildFile; fileRef = A12889E61FA021B00077BB62 /* XAxis.h */; settings = {ATTRIBUTES = (Public, ); }; };
		A12889E91FA021B00077BB62 /* XAxis.m in Sources */ = {isa = PBXBuildFile; fileRef = A12889E71FA021B00077BB62 /* XAxis.m */; };
		A12889EC1FA021BF0077BB62 /* YAxis.h in Headers */ = {isa = PBXBuildFile; fileRef = A12889EA1FA021BF0077BB62 /* YAxis.h */; settings = {ATTRIBUTES = (Public, ); }; };
		A12889ED1FA021BF0077BB62 /* YAxis.m in Sources */ = {isa = PBXBuildFile; fileRef = A12889EB1FA021BF0077BB62 /* YAxis.m */; };
		A12889EF1FA02C4E0077BB62 /* IValueFormatter.h in Headers */ = {isa = PBXBuildFile; fileRef = A12889EE1FA02C4E0077BB62 /* IValueFormatter.h */; settings = {ATTRIBUTES = (Public, ); }; };
		A12889F91FA02E7A0077BB62 /* IChartDataSet.h in Headers */ = {isa = PBXBuildFile; fileRef = A12889F81FA02E7A0077BB62 /* IChartDataSet.h */; settings = {ATTRIBUTES = (Public, ); }; };
		A12889FC1FA02E910077BB62 /* ChartBaseDataSet.h in Headers */ = {isa = PBXBuildFile; fileRef = A12889FA1FA02E910077BB62 /* ChartBaseDataSet.h */; settings = {ATTRIBUTES = (Public, ); }; };
		A12889FD1FA02E910077BB62 /* ChartBaseDataSet.m in Sources */ = {isa = PBXBuildFile; fileRef = A12889FB1FA02E910077BB62 /* ChartBaseDataSet.m */; };
		A1288A011FA043170077BB62 /* ChartDataEntryBase.h in Headers */ = {isa = PBXBuildFile; fileRef = A12889FF1FA043170077BB62 /* ChartDataEntryBase.h */; settings = {ATTRIBUTES = (Public, ); }; };
		A1288A021FA043170077BB62 /* ChartDataEntryBase.m in Sources */ = {isa = PBXBuildFile; fileRef = A1288A001FA043170077BB62 /* ChartDataEntryBase.m */; };
		A1288A051FA044870077BB62 /* ChartDataEntry.h in Headers */ = {isa = PBXBuildFile; fileRef = A1288A031FA044870077BB62 /* ChartDataEntry.h */; settings = {ATTRIBUTES = (Public, ); }; };
		A1288A061FA044870077BB62 /* ChartDataEntry.m in Sources */ = {isa = PBXBuildFile; fileRef = A1288A041FA044870077BB62 /* ChartDataEntry.m */; };
		A1288A091FA047050077BB62 /* ViewPortHandler.h in Headers */ = {isa = PBXBuildFile; fileRef = A1288A071FA047050077BB62 /* ViewPortHandler.h */; settings = {ATTRIBUTES = (Public, ); }; };
		A1288A0A1FA047050077BB62 /* ViewPortHandler.m in Sources */ = {isa = PBXBuildFile; fileRef = A1288A081FA047050077BB62 /* ViewPortHandler.m */; };
		A1288A0D1FA04C940077BB62 /* ChartData.h in Headers */ = {isa = PBXBuildFile; fileRef = A1288A0B1FA04C940077BB62 /* ChartData.h */; settings = {ATTRIBUTES = (Public, ); }; };
		A1288A0E1FA04C940077BB62 /* ChartData.m in Sources */ = {isa = PBXBuildFile; fileRef = A1288A0C1FA04C940077BB62 /* ChartData.m */; };
		A1288A111FA05B8A0077BB62 /* Description.h in Headers */ = {isa = PBXBuildFile; fileRef = A1288A0F1FA05B8A0077BB62 /* Description.h */; settings = {ATTRIBUTES = (Public, ); }; };
		A1288A121FA05B8A0077BB62 /* Description.m in Sources */ = {isa = PBXBuildFile; fileRef = A1288A101FA05B8A0077BB62 /* Description.m */; };
		A1288A151FA05BDE0077BB62 /* Legend.h in Headers */ = {isa = PBXBuildFile; fileRef = A1288A131FA05BDE0077BB62 /* Legend.h */; settings = {ATTRIBUTES = (Public, ); }; };
		A1288A161FA05BDE0077BB62 /* Legend.m in Sources */ = {isa = PBXBuildFile; fileRef = A1288A141FA05BDE0077BB62 /* Legend.m */; };
		A1288A191FA05DFA0077BB62 /* Renderer.h in Headers */ = {isa = PBXBuildFile; fileRef = A1288A171FA05DFA0077BB62 /* Renderer.h */; };
		A1288A1A1FA05DFA0077BB62 /* Renderer.m in Sources */ = {isa = PBXBuildFile; fileRef = A1288A181FA05DFA0077BB62 /* Renderer.m */; };
		A1288A1D1FA05E090077BB62 /* LegendRenderer.h in Headers */ = {isa = PBXBuildFile; fileRef = A1288A1B1FA05E090077BB62 /* LegendRenderer.h */; };
		A1288A1E1FA05E090077BB62 /* LegendRenderer.m in Sources */ = {isa = PBXBuildFile; fileRef = A1288A1C1FA05E090077BB62 /* LegendRenderer.m */; };
		A1288A211FA05F4A0077BB62 /* DataRenderer.h in Headers */ = {isa = PBXBuildFile; fileRef = A1288A1F1FA05F4A0077BB62 /* DataRenderer.h */; };
		A1288A221FA05F4A0077BB62 /* DataRenderer.m in Sources */ = {isa = PBXBuildFile; fileRef = A1288A201FA05F4A0077BB62 /* DataRenderer.m */; };
		A1A92AFD1F9F6FCC009EDF51 /* OCChart.h in Headers */ = {isa = PBXBuildFile; fileRef = A1D5C5301F9F6CC2006C309E /* OCChart.h */; settings = {ATTRIBUTES = (Public, ); }; };
		A1D5C5131F9F6BA1006C309E /* OCChart.framework in Frameworks */ = {isa = PBXBuildFile; fileRef = A1D5C5091F9F6BA0006C309E /* OCChart.framework */; };
		A1D5C5181F9F6BA1006C309E /* OCChartTests.m in Sources */ = {isa = PBXBuildFile; fileRef = A1D5C5171F9F6BA1006C309E /* OCChartTests.m */; };
/* End PBXBuildFile section */

/* Begin PBXContainerItemProxy section */
		A1D5C5141F9F6BA1006C309E /* PBXContainerItemProxy */ = {
			isa = PBXContainerItemProxy;
			containerPortal = A1D5C5001F9F6BA0006C309E /* Project object */;
			proxyType = 1;
			remoteGlobalIDString = A1D5C5081F9F6BA0006C309E;
			remoteInfo = OCChart;
		};
/* End PBXContainerItemProxy section */

/* Begin PBXFileReference section */
		A12889B81FA01F390077BB62 /* BarLineScatterCandleBubbleChartDataProvider.h */ = {isa = PBXFileReference; fileEncoding = 4; lastKnownFileType = sourcecode.c.h; path = BarLineScatterCandleBubbleChartDataProvider.h; sourceTree = "<group>"; };
		A12889B91FA01F390077BB62 /* ChartDataProvider.h */ = {isa = PBXFileReference; fileEncoding = 4; lastKnownFileType = sourcecode.c.h; path = ChartDataProvider.h; sourceTree = "<group>"; };
		A12889BD1FA01F3A0077BB62 /* DefaultAxisValueFormatter.h */ = {isa = PBXFileReference; fileEncoding = 4; lastKnownFileType = sourcecode.c.h; path = DefaultAxisValueFormatter.h; sourceTree = "<group>"; };
		A12889BE1FA01F3A0077BB62 /* DefaultAxisValueFormatter.m */ = {isa = PBXFileReference; fileEncoding = 4; lastKnownFileType = sourcecode.c.objc; path = DefaultAxisValueFormatter.m; sourceTree = "<group>"; };
		A12889BF1FA01F3A0077BB62 /* IAxisValueFormatter.h */ = {isa = PBXFileReference; fileEncoding = 4; lastKnownFileType = sourcecode.c.h; path = IAxisValueFormatter.h; sourceTree = "<group>"; };
		A12889C41FA01F3A0077BB62 /* AxisBase.h */ = {isa = PBXFileReference; fileEncoding = 4; lastKnownFileType = sourcecode.c.h; path = AxisBase.h; sourceTree = "<group>"; };
		A12889C51FA01F3A0077BB62 /* AxisBase.m */ = {isa = PBXFileReference; fileEncoding = 4; lastKnownFileType = sourcecode.c.objc; path = AxisBase.m; sourceTree = "<group>"; };
		A12889C61FA01F3A0077BB62 /* ChartLimitLine.h */ = {isa = PBXFileReference; fileEncoding = 4; lastKnownFileType = sourcecode.c.h; path = ChartLimitLine.h; sourceTree = "<group>"; };
		A12889C71FA01F3A0077BB62 /* ChartLimitLine.m */ = {isa = PBXFileReference; fileEncoding = 4; lastKnownFileType = sourcecode.c.objc; path = ChartLimitLine.m; sourceTree = "<group>"; };
		A12889C81FA01F3A0077BB62 /* ComponentBase.h */ = {isa = PBXFileReference; fileEncoding = 4; lastKnownFileType = sourcecode.c.h; path = ComponentBase.h; sourceTree = "<group>"; };
		A12889C91FA01F3A0077BB62 /* ComponentBase.m */ = {isa = PBXFileReference; fileEncoding = 4; lastKnownFileType = sourcecode.c.objc; path = ComponentBase.m; sourceTree = "<group>"; };
		A12889CB1FA01F3A0077BB62 /* BarLineChartViewBase.h */ = {isa = PBXFileReference; fileEncoding = 4; lastKnownFileType = sourcecode.c.h; path = BarLineChartViewBase.h; sourceTree = "<group>"; };
		A12889CC1FA01F3A0077BB62 /* BarLineChartViewBase.m */ = {isa = PBXFileReference; fileEncoding = 4; lastKnownFileType = sourcecode.c.objc; path = BarLineChartViewBase.m; sourceTree = "<group>"; };
		A12889CD1FA01F3A0077BB62 /* ChartViewBase.h */ = {isa = PBXFileReference; fileEncoding = 4; lastKnownFileType = sourcecode.c.h; path = ChartViewBase.h; sourceTree = "<group>"; };
		A12889CE1FA01F3B0077BB62 /* ChartViewBase.m */ = {isa = PBXFileReference; fileEncoding = 4; lastKnownFileType = sourcecode.c.objc; path = ChartViewBase.m; sourceTree = "<group>"; };
		A12889D01FA01F3B0077BB62 /* Animator.h */ = {isa = PBXFileReference; fileEncoding = 4; lastKnownFileType = sourcecode.c.h; path = Animator.h; sourceTree = "<group>"; };
		A12889D11FA01F3B0077BB62 /* Animator.m */ = {isa = PBXFileReference; fileEncoding = 4; lastKnownFileType = sourcecode.c.objc; path = Animator.m; sourceTree = "<group>"; };
		A12889D21FA01F3B0077BB62 /* ChartAnimationEasing.h */ = {isa = PBXFileReference; fileEncoding = 4; lastKnownFileType = sourcecode.c.h; path = ChartAnimationEasing.h; sourceTree = "<group>"; };
		A12889E61FA021B00077BB62 /* XAxis.h */ = {isa = PBXFileReference; lastKnownFileType = sourcecode.c.h; path = XAxis.h; sourceTree = "<group>"; };
		A12889E71FA021B00077BB62 /* XAxis.m */ = {isa = PBXFileReference; lastKnownFileType = sourcecode.c.objc; path = XAxis.m; sourceTree = "<group>"; };
		A12889EA1FA021BF0077BB62 /* YAxis.h */ = {isa = PBXFileReference; lastKnownFileType = sourcecode.c.h; path = YAxis.h; sourceTree = "<group>"; };
		A12889EB1FA021BF0077BB62 /* YAxis.m */ = {isa = PBXFileReference; lastKnownFileType = sourcecode.c.objc; path = YAxis.m; sourceTree = "<group>"; };
		A12889EE1FA02C4E0077BB62 /* IValueFormatter.h */ = {isa = PBXFileReference; lastKnownFileType = sourcecode.c.h; path = IValueFormatter.h; sourceTree = "<group>"; };
		A12889F81FA02E7A0077BB62 /* IChartDataSet.h */ = {isa = PBXFileReference; lastKnownFileType = sourcecode.c.h; path = IChartDataSet.h; sourceTree = "<group>"; };
		A12889FA1FA02E910077BB62 /* ChartBaseDataSet.h */ = {isa = PBXFileReference; lastKnownFileType = sourcecode.c.h; path = ChartBaseDataSet.h; sourceTree = "<group>"; };
		A12889FB1FA02E910077BB62 /* ChartBaseDataSet.m */ = {isa = PBXFileReference; lastKnownFileType = sourcecode.c.objc; path = ChartBaseDataSet.m; sourceTree = "<group>"; };
		A12889FF1FA043170077BB62 /* ChartDataEntryBase.h */ = {isa = PBXFileReference; lastKnownFileType = sourcecode.c.h; path = ChartDataEntryBase.h; sourceTree = "<group>"; };
		A1288A001FA043170077BB62 /* ChartDataEntryBase.m */ = {isa = PBXFileReference; lastKnownFileType = sourcecode.c.objc; path = ChartDataEntryBase.m; sourceTree = "<group>"; };
		A1288A031FA044870077BB62 /* ChartDataEntry.h */ = {isa = PBXFileReference; lastKnownFileType = sourcecode.c.h; path = ChartDataEntry.h; sourceTree = "<group>"; };
		A1288A041FA044870077BB62 /* ChartDataEntry.m */ = {isa = PBXFileReference; lastKnownFileType = sourcecode.c.objc; path = ChartDataEntry.m; sourceTree = "<group>"; };
		A1288A071FA047050077BB62 /* ViewPortHandler.h */ = {isa = PBXFileReference; lastKnownFileType = sourcecode.c.h; path = ViewPortHandler.h; sourceTree = "<group>"; };
		A1288A081FA047050077BB62 /* ViewPortHandler.m */ = {isa = PBXFileReference; lastKnownFileType = sourcecode.c.objc; path = ViewPortHandler.m; sourceTree = "<group>"; };
		A1288A0B1FA04C940077BB62 /* ChartData.h */ = {isa = PBXFileReference; lastKnownFileType = sourcecode.c.h; path = ChartData.h; sourceTree = "<group>"; };
		A1288A0C1FA04C940077BB62 /* ChartData.m */ = {isa = PBXFileReference; lastKnownFileType = sourcecode.c.objc; path = ChartData.m; sourceTree = "<group>"; };
		A1288A0F1FA05B8A0077BB62 /* Description.h */ = {isa = PBXFileReference; lastKnownFileType = sourcecode.c.h; path = Description.h; sourceTree = "<group>"; };
		A1288A101FA05B8A0077BB62 /* Description.m */ = {isa = PBXFileReference; lastKnownFileType = sourcecode.c.objc; path = Description.m; sourceTree = "<group>"; };
		A1288A131FA05BDE0077BB62 /* Legend.h */ = {isa = PBXFileReference; lastKnownFileType = sourcecode.c.h; path = Legend.h; sourceTree = "<group>"; };
		A1288A141FA05BDE0077BB62 /* Legend.m */ = {isa = PBXFileReference; lastKnownFileType = sourcecode.c.objc; path = Legend.m; sourceTree = "<group>"; };
		A1288A171FA05DFA0077BB62 /* Renderer.h */ = {isa = PBXFileReference; lastKnownFileType = sourcecode.c.h; path = Renderer.h; sourceTree = "<group>"; };
		A1288A181FA05DFA0077BB62 /* Renderer.m */ = {isa = PBXFileReference; lastKnownFileType = sourcecode.c.objc; path = Renderer.m; sourceTree = "<group>"; };
		A1288A1B1FA05E090077BB62 /* LegendRenderer.h */ = {isa = PBXFileReference; lastKnownFileType = sourcecode.c.h; path = LegendRenderer.h; sourceTree = "<group>"; };
		A1288A1C1FA05E090077BB62 /* LegendRenderer.m */ = {isa = PBXFileReference; lastKnownFileType = sourcecode.c.objc; path = LegendRenderer.m; sourceTree = "<group>"; };
		A1288A1F1FA05F4A0077BB62 /* DataRenderer.h */ = {isa = PBXFileReference; lastKnownFileType = sourcecode.c.h; path = DataRenderer.h; sourceTree = "<group>"; };
		A1288A201FA05F4A0077BB62 /* DataRenderer.m */ = {isa = PBXFileReference; lastKnownFileType = sourcecode.c.objc; path = DataRenderer.m; sourceTree = "<group>"; };
		A1D5C5091F9F6BA0006C309E /* OCChart.framework */ = {isa = PBXFileReference; explicitFileType = wrapper.framework; includeInIndex = 0; path = OCChart.framework; sourceTree = BUILT_PRODUCTS_DIR; };
		A1D5C5121F9F6BA1006C309E /* OCChartTests.xctest */ = {isa = PBXFileReference; explicitFileType = wrapper.cfbundle; includeInIndex = 0; path = OCChartTests.xctest; sourceTree = BUILT_PRODUCTS_DIR; };
		A1D5C5171F9F6BA1006C309E /* OCChartTests.m */ = {isa = PBXFileReference; lastKnownFileType = sourcecode.c.objc; path = OCChartTests.m; sourceTree = "<group>"; };
		A1D5C5191F9F6BA1006C309E /* Info.plist */ = {isa = PBXFileReference; lastKnownFileType = text.plist.xml; path = Info.plist; sourceTree = "<group>"; };
		A1D5C52F1F9F6CC2006C309E /* Info.plist */ = {isa = PBXFileReference; lastKnownFileType = text.plist.xml; path = Info.plist; sourceTree = "<group>"; };
		A1D5C5301F9F6CC2006C309E /* OCChart.h */ = {isa = PBXFileReference; lastKnownFileType = sourcecode.c.h; path = OCChart.h; sourceTree = "<group>"; };
/* End PBXFileReference section */

/* Begin PBXFrameworksBuildPhase section */
		A1D5C5051F9F6BA0006C309E /* Frameworks */ = {
			isa = PBXFrameworksBuildPhase;
			buildActionMask = 2147483647;
			files = (
			);
			runOnlyForDeploymentPostprocessing = 0;
		};
		A1D5C50F1F9F6BA1006C309E /* Frameworks */ = {
			isa = PBXFrameworksBuildPhase;
			buildActionMask = 2147483647;
			files = (
				A1D5C5131F9F6BA1006C309E /* OCChart.framework in Frameworks */,
			);
			runOnlyForDeploymentPostprocessing = 0;
		};
/* End PBXFrameworksBuildPhase section */

/* Begin PBXGroup section */
		A12889B71FA01F390077BB62 /* Interfaces */ = {
			isa = PBXGroup;
			children = (
				A12889B81FA01F390077BB62 /* BarLineScatterCandleBubbleChartDataProvider.h */,
				A12889B91FA01F390077BB62 /* ChartDataProvider.h */,
			);
			path = Interfaces;
			sourceTree = "<group>";
		};
		A12889BC1FA01F3A0077BB62 /* Formatters */ = {
			isa = PBXGroup;
			children = (
				A12889BD1FA01F3A0077BB62 /* DefaultAxisValueFormatter.h */,
				A12889BE1FA01F3A0077BB62 /* DefaultAxisValueFormatter.m */,
				A12889BF1FA01F3A0077BB62 /* IAxisValueFormatter.h */,
				A12889EE1FA02C4E0077BB62 /* IValueFormatter.h */,
			);
			path = Formatters;
			sourceTree = "<group>";
		};
		A12889C31FA01F3A0077BB62 /* Components */ = {
			isa = PBXGroup;
			children = (
				A12889C81FA01F3A0077BB62 /* ComponentBase.h */,
				A12889C91FA01F3A0077BB62 /* ComponentBase.m */,
				A1288A131FA05BDE0077BB62 /* Legend.h */,
				A1288A141FA05BDE0077BB62 /* Legend.m */,
				A1288A0F1FA05B8A0077BB62 /* Description.h */,
				A1288A101FA05B8A0077BB62 /* Description.m */,
				A12889C41FA01F3A0077BB62 /* AxisBase.h */,
				A12889C51FA01F3A0077BB62 /* AxisBase.m */,
				A12889E61FA021B00077BB62 /* XAxis.h */,
				A12889E71FA021B00077BB62 /* XAxis.m */,
				A12889EA1FA021BF0077BB62 /* YAxis.h */,
				A12889EB1FA021BF0077BB62 /* YAxis.m */,
				A12889C61FA01F3A0077BB62 /* ChartLimitLine.h */,
				A12889C71FA01F3A0077BB62 /* ChartLimitLine.m */,
			);
			path = Components;
			sourceTree = "<group>";
		};
		A12889CA1FA01F3A0077BB62 /* Charts */ = {
			isa = PBXGroup;
			children = (
				A12889CB1FA01F3A0077BB62 /* BarLineChartViewBase.h */,
				A12889CC1FA01F3A0077BB62 /* BarLineChartViewBase.m */,
				A12889CD1FA01F3A0077BB62 /* ChartViewBase.h */,
				A12889CE1FA01F3B0077BB62 /* ChartViewBase.m */,
			);
			path = Charts;
			sourceTree = "<group>";
		};
		A12889CF1FA01F3B0077BB62 /* Animation */ = {
			isa = PBXGroup;
			children = (
				A12889D01FA01F3B0077BB62 /* Animator.h */,
				A12889D11FA01F3B0077BB62 /* Animator.m */,
				A12889D21FA01F3B0077BB62 /* ChartAnimationEasing.h */,
			);
			path = Animation;
			sourceTree = "<group>";
		};
		A12889F01FA02D810077BB62 /* Data */ = {
			isa = PBXGroup;
			children = (
				A12889F11FA02DAB0077BB62 /* Implementations */,
				A12889F21FA02DAB0077BB62 /* Interfaces */,
			);
			path = Data;
			sourceTree = "<group>";
		};
		A12889F11FA02DAB0077BB62 /* Implementations */ = {
			isa = PBXGroup;
			children = (
				A12889FA1FA02E910077BB62 /* ChartBaseDataSet.h */,
				A12889FB1FA02E910077BB62 /* ChartBaseDataSet.m */,
				A12889FE1FA043030077BB62 /* Standard */,
			);
			path = Implementations;
			sourceTree = "<group>";
		};
		A12889F21FA02DAB0077BB62 /* Interfaces */ = {
			isa = PBXGroup;
			children = (
				A12889F81FA02E7A0077BB62 /* IChartDataSet.h */,
			);
			path = Interfaces;
			sourceTree = "<group>";
		};
		A12889F31FA02DC50077BB62 /* Filters */ = {
			isa = PBXGroup;
			children = (
			);
			path = Filters;
			sourceTree = "<group>";
		};
		A12889F41FA02DEB0077BB62 /* Hightlight */ = {
			isa = PBXGroup;
			children = (
			);
			path = Hightlight;
			sourceTree = "<group>";
		};
		A12889F51FA02E070077BB62 /* Jobs */ = {
			isa = PBXGroup;
			children = (
			);
			path = Jobs;
			sourceTree = "<group>";
		};
		A12889F61FA02E190077BB62 /* Renderers */ = {
			isa = PBXGroup;
			children = (
				A1288A171FA05DFA0077BB62 /* Renderer.h */,
				A1288A181FA05DFA0077BB62 /* Renderer.m */,
				A1288A1B1FA05E090077BB62 /* LegendRenderer.h */,
				A1288A1C1FA05E090077BB62 /* LegendRenderer.m */,
				A1288A1F1FA05F4A0077BB62 /* DataRenderer.h */,
				A1288A201FA05F4A0077BB62 /* DataRenderer.m */,
			);
			path = Renderers;
			sourceTree = "<group>";
		};
		A12889F71FA02E2A0077BB62 /* Utils */ = {
			isa = PBXGroup;
			children = (
				A1288A071FA047050077BB62 /* ViewPortHandler.h */,
				A1288A081FA047050077BB62 /* ViewPortHandler.m */,
			);
			path = Utils;
			sourceTree = "<group>";
		};
		A12889FE1FA043030077BB62 /* Standard */ = {
			isa = PBXGroup;
			children = (
				A12889FF1FA043170077BB62 /* ChartDataEntryBase.h */,
				A1288A001FA043170077BB62 /* ChartDataEntryBase.m */,
				A1288A031FA044870077BB62 /* ChartDataEntry.h */,
				A1288A041FA044870077BB62 /* ChartDataEntry.m */,
				A1288A0B1FA04C940077BB62 /* ChartData.h */,
				A1288A0C1FA04C940077BB62 /* ChartData.m */,
			);
			path = Standard;
			sourceTree = "<group>";
		};
		A1D5C4FF1F9F6BA0006C309E = {
			isa = PBXGroup;
			children = (
				A1D5C50B1F9F6BA0006C309E /* OCChart */,
				A1D5C5161F9F6BA1006C309E /* OCChartTests */,
				A1D5C50A1F9F6BA0006C309E /* Products */,
			);
			sourceTree = "<group>";
		};
		A1D5C50A1F9F6BA0006C309E /* Products */ = {
			isa = PBXGroup;
			children = (
				A1D5C5091F9F6BA0006C309E /* OCChart.framework */,
				A1D5C5121F9F6BA1006C309E /* OCChartTests.xctest */,
			);
			name = Products;
			sourceTree = "<group>";
		};
		A1D5C50B1F9F6BA0006C309E /* OCChart */ = {
			isa = PBXGroup;
			children = (
				A1D5C52D1F9F6CC2006C309E /* Classes */,
				A1D5C52E1F9F6CC2006C309E /* Support File */,
			);
			path = OCChart;
			sourceTree = "<group>";
		};
		A1D5C5161F9F6BA1006C309E /* OCChartTests */ = {
			isa = PBXGroup;
			children = (
				A1D5C5171F9F6BA1006C309E /* OCChartTests.m */,
				A1D5C5191F9F6BA1006C309E /* Info.plist */,
			);
			path = OCChartTests;
			sourceTree = "<group>";
		};
		A1D5C52D1F9F6CC2006C309E /* Classes */ = {
			isa = PBXGroup;
			children = (
				A12889CF1FA01F3B0077BB62 /* Animation */,
				A12889CA1FA01F3A0077BB62 /* Charts */,
				A12889C31FA01F3A0077BB62 /* Components */,
				A12889BC1FA01F3A0077BB62 /* Formatters */,
				A12889B71FA01F390077BB62 /* Interfaces */,
				A12889F01FA02D810077BB62 /* Data */,
				A12889F31FA02DC50077BB62 /* Filters */,
				A12889F41FA02DEB0077BB62 /* Hightlight */,
				A12889F51FA02E070077BB62 /* Jobs */,
				A12889F61FA02E190077BB62 /* Renderers */,
				A12889F71FA02E2A0077BB62 /* Utils */,
			);
			path = Classes;
			sourceTree = "<group>";
		};
		A1D5C52E1F9F6CC2006C309E /* Support File */ = {
			isa = PBXGroup;
			children = (
				A1D5C52F1F9F6CC2006C309E /* Info.plist */,
				A1D5C5301F9F6CC2006C309E /* OCChart.h */,
			);
			path = "Support File";
			sourceTree = "<group>";
		};
/* End PBXGroup section */

/* Begin PBXHeadersBuildPhase section */
		A1D5C5061F9F6BA0006C309E /* Headers */ = {
			isa = PBXHeadersBuildPhase;
			buildActionMask = 2147483647;
			files = (
				A12889D81FA01F3B0077BB62 /* AxisBase.h in Headers */,
				A1288A091FA047050077BB62 /* ViewPortHandler.h in Headers */,
				A1288A0D1FA04C940077BB62 /* ChartData.h in Headers */,
				A1288A211FA05F4A0077BB62 /* DataRenderer.h in Headers */,
				A12889FC1FA02E910077BB62 /* ChartBaseDataSet.h in Headers */,
				A1288A011FA043170077BB62 /* ChartDataEntryBase.h in Headers */,
				A1288A1D1FA05E090077BB62 /* LegendRenderer.h in Headers */,
				A12889DC1FA01F3B0077BB62 /* ComponentBase.h in Headers */,
				A12889EF1FA02C4E0077BB62 /* IValueFormatter.h in Headers */,
				A1288A191FA05DFA0077BB62 /* Renderer.h in Headers */,
				A12889D51FA01F3B0077BB62 /* DefaultAxisValueFormatter.h in Headers */,
				A12889F91FA02E7A0077BB62 /* IChartDataSet.h in Headers */,
				A12889E81FA021B00077BB62 /* XAxis.h in Headers */,
				A12889E21FA01F3B0077BB62 /* Animator.h in Headers */,
				A1288A151FA05BDE0077BB62 /* Legend.h in Headers */,
				A1288A051FA044870077BB62 /* ChartDataEntry.h in Headers */,
				A12889DE1FA01F3B0077BB62 /* BarLineChartViewBase.h in Headers */,
				A1288A111FA05B8A0077BB62 /* Description.h in Headers */,
				A12889D31FA01F3B0077BB62 /* BarLineScatterCandleBubbleChartDataProvider.h in Headers */,
				A12889D41FA01F3B0077BB62 /* ChartDataProvider.h in Headers */,
				A12889DA1FA01F3B0077BB62 /* ChartLimitLine.h in Headers */,
				A12889E41FA01F3B0077BB62 /* ChartAnimationEasing.h in Headers */,
				A12889D71FA01F3B0077BB62 /* IAxisValueFormatter.h in Headers */,
				A12889EC1FA021BF0077BB62 /* YAxis.h in Headers */,
				A12889E01FA01F3B0077BB62 /* ChartViewBase.h in Headers */,
				A1A92AFD1F9F6FCC009EDF51 /* OCChart.h in Headers */,
			);
			runOnlyForDeploymentPostprocessing = 0;
		};
/* End PBXHeadersBuildPhase section */

/* Begin PBXNativeTarget section */
		A1D5C5081F9F6BA0006C309E /* OCChart */ = {
			isa = PBXNativeTarget;
			buildConfigurationList = A1D5C51D1F9F6BA1006C309E /* Build configuration list for PBXNativeTarget "OCChart" */;
			buildPhases = (
				A1D5C5041F9F6BA0006C309E /* Sources */,
				A1D5C5051F9F6BA0006C309E /* Frameworks */,
				A1D5C5061F9F6BA0006C309E /* Headers */,
				A1D5C5071F9F6BA0006C309E /* Resources */,
			);
			buildRules = (
			);
			dependencies = (
			);
			name = OCChart;
			productName = OCChart;
			productReference = A1D5C5091F9F6BA0006C309E /* OCChart.framework */;
			productType = "com.apple.product-type.framework";
		};
		A1D5C5111F9F6BA1006C309E /* OCChartTests */ = {
			isa = PBXNativeTarget;
			buildConfigurationList = A1D5C5201F9F6BA1006C309E /* Build configuration list for PBXNativeTarget "OCChartTests" */;
			buildPhases = (
				A1D5C50E1F9F6BA1006C309E /* Sources */,
				A1D5C50F1F9F6BA1006C309E /* Frameworks */,
				A1D5C5101F9F6BA1006C309E /* Resources */,
			);
			buildRules = (
			);
			dependencies = (
				A1D5C5151F9F6BA1006C309E /* PBXTargetDependency */,
			);
			name = OCChartTests;
			productName = OCChartTests;
			productReference = A1D5C5121F9F6BA1006C309E /* OCChartTests.xctest */;
			productType = "com.apple.product-type.bundle.unit-test";
		};
/* End PBXNativeTarget section */

/* Begin PBXProject section */
		A1D5C5001F9F6BA0006C309E /* Project object */ = {
			isa = PBXProject;
			attributes = {
				LastUpgradeCheck = 0900;
				ORGANIZATIONNAME = "lu li";
				TargetAttributes = {
					A1D5C5081F9F6BA0006C309E = {
						CreatedOnToolsVersion = 9.0;
						ProvisioningStyle = Automatic;
					};
					A1D5C5111F9F6BA1006C309E = {
						CreatedOnToolsVersion = 9.0;
						ProvisioningStyle = Automatic;
					};
				};
			};
			buildConfigurationList = A1D5C5031F9F6BA0006C309E /* Build configuration list for PBXProject "OCChart" */;
			compatibilityVersion = "Xcode 8.0";
			developmentRegion = en;
			hasScannedForEncodings = 0;
			knownRegions = (
				en,
			);
			mainGroup = A1D5C4FF1F9F6BA0006C309E;
			productRefGroup = A1D5C50A1F9F6BA0006C309E /* Products */;
			projectDirPath = "";
			projectRoot = "";
			targets = (
				A1D5C5081F9F6BA0006C309E /* OCChart */,
				A1D5C5111F9F6BA1006C309E /* OCChartTests */,
			);
		};
/* End PBXProject section */

/* Begin PBXResourcesBuildPhase section */
		A1D5C5071F9F6BA0006C309E /* Resources */ = {
			isa = PBXResourcesBuildPhase;
			buildActionMask = 2147483647;
			files = (
			);
			runOnlyForDeploymentPostprocessing = 0;
		};
		A1D5C5101F9F6BA1006C309E /* Resources */ = {
			isa = PBXResourcesBuildPhase;
			buildActionMask = 2147483647;
			files = (
			);
			runOnlyForDeploymentPostprocessing = 0;
		};
/* End PBXResourcesBuildPhase section */

/* Begin PBXSourcesBuildPhase section */
		A1D5C5041F9F6BA0006C309E /* Sources */ = {
			isa = PBXSourcesBuildPhase;
			buildActionMask = 2147483647;
			files = (
				A1288A221FA05F4A0077BB62 /* DataRenderer.m in Sources */,
				A1288A1A1FA05DFA0077BB62 /* Renderer.m in Sources */,
				A1288A0A1FA047050077BB62 /* ViewPortHandler.m in Sources */,
				A12889D61FA01F3B0077BB62 /* DefaultAxisValueFormatter.m in Sources */,
				A1288A1E1FA05E090077BB62 /* LegendRenderer.m in Sources */,
				A1288A161FA05BDE0077BB62 /* Legend.m in Sources */,
				A12889DD1FA01F3B0077BB62 /* ComponentBase.m in Sources */,
				A12889FD1FA02E910077BB62 /* ChartBaseDataSet.m in Sources */,
				A12889E11FA01F3B0077BB62 /* ChartViewBase.m in Sources */,
				A12889ED1FA021BF0077BB62 /* YAxis.m in Sources */,
				A1288A0E1FA04C940077BB62 /* ChartData.m in Sources */,
				A1288A061FA044870077BB62 /* ChartDataEntry.m in Sources */,
				A1288A021FA043170077BB62 /* ChartDataEntryBase.m in Sources */,
				A12889E51FA020B90077BB62 /* AxisBase.m in Sources */,
				A12889DB1FA01F3B0077BB62 /* ChartLimitLine.m in Sources */,
				A12889E31FA01F3B0077BB62 /* Animator.m in Sources */,
				A1288A121FA05B8A0077BB62 /* Description.m in Sources */,
				A12889DF1FA01F3B0077BB62 /* BarLineChartViewBase.m in Sources */,
				A12889E91FA021B00077BB62 /* XAxis.m in Sources */,
			);
			runOnlyForDeploymentPostprocessing = 0;
		};
		A1D5C50E1F9F6BA1006C309E /* Sources */ = {
			isa = PBXSourcesBuildPhase;
			buildActionMask = 2147483647;
			files = (
				A1D5C5181F9F6BA1006C309E /* OCChartTests.m in Sources */,
			);
			runOnlyForDeploymentPostprocessing = 0;
		};
/* End PBXSourcesBuildPhase section */

/* Begin PBXTargetDependency section */
		A1D5C5151F9F6BA1006C309E /* PBXTargetDependency */ = {
			isa = PBXTargetDependency;
			target = A1D5C5081F9F6BA0006C309E /* OCChart */;
			targetProxy = A1D5C5141F9F6BA1006C309E /* PBXContainerItemProxy */;
		};
/* End PBXTargetDependency section */

/* Begin XCBuildConfiguration section */
		A1D5C51B1F9F6BA1006C309E /* Debug */ = {
			isa = XCBuildConfiguration;
			buildSettings = {
				ALWAYS_SEARCH_USER_PATHS = NO;
				CLANG_ANALYZER_NONNULL = YES;
				CLANG_ANALYZER_NUMBER_OBJECT_CONVERSION = YES_AGGRESSIVE;
				CLANG_CXX_LANGUAGE_STANDARD = "gnu++14";
				CLANG_CXX_LIBRARY = "libc++";
				CLANG_ENABLE_MODULES = YES;
				CLANG_ENABLE_OBJC_ARC = YES;
				CLANG_WARN_BLOCK_CAPTURE_AUTORELEASING = YES;
				CLANG_WARN_BOOL_CONVERSION = YES;
				CLANG_WARN_COMMA = YES;
				CLANG_WARN_CONSTANT_CONVERSION = YES;
				CLANG_WARN_DIRECT_OBJC_ISA_USAGE = YES_ERROR;
				CLANG_WARN_DOCUMENTATION_COMMENTS = YES;
				CLANG_WARN_EMPTY_BODY = YES;
				CLANG_WARN_ENUM_CONVERSION = YES;
				CLANG_WARN_INFINITE_RECURSION = YES;
				CLANG_WARN_INT_CONVERSION = YES;
				CLANG_WARN_NON_LITERAL_NULL_CONVERSION = YES;
				CLANG_WARN_OBJC_LITERAL_CONVERSION = YES;
				CLANG_WARN_OBJC_ROOT_CLASS = YES_ERROR;
				CLANG_WARN_RANGE_LOOP_ANALYSIS = YES;
				CLANG_WARN_STRICT_PROTOTYPES = YES;
				CLANG_WARN_SUSPICIOUS_MOVE = YES;
				CLANG_WARN_UNGUARDED_AVAILABILITY = YES_AGGRESSIVE;
				CLANG_WARN_UNREACHABLE_CODE = YES;
				CLANG_WARN__DUPLICATE_METHOD_MATCH = YES;
				CODE_SIGN_IDENTITY = "iPhone Developer";
				COPY_PHASE_STRIP = NO;
				CURRENT_PROJECT_VERSION = 1;
				DEBUG_INFORMATION_FORMAT = dwarf;
				ENABLE_STRICT_OBJC_MSGSEND = YES;
				ENABLE_TESTABILITY = YES;
				GCC_C_LANGUAGE_STANDARD = gnu11;
				GCC_DYNAMIC_NO_PIC = NO;
				GCC_NO_COMMON_BLOCKS = YES;
				GCC_OPTIMIZATION_LEVEL = 0;
				GCC_PREPROCESSOR_DEFINITIONS = (
					"DEBUG=1",
					"$(inherited)",
				);
				GCC_WARN_64_TO_32_BIT_CONVERSION = YES;
				GCC_WARN_ABOUT_RETURN_TYPE = YES_ERROR;
				GCC_WARN_UNDECLARED_SELECTOR = YES;
				GCC_WARN_UNINITIALIZED_AUTOS = YES_AGGRESSIVE;
				GCC_WARN_UNUSED_FUNCTION = YES;
				GCC_WARN_UNUSED_VARIABLE = YES;
				IPHONEOS_DEPLOYMENT_TARGET = 11.0;
				MTL_ENABLE_DEBUG_INFO = YES;
				ONLY_ACTIVE_ARCH = YES;
				SDKROOT = iphoneos;
				VERSIONING_SYSTEM = "apple-generic";
				VERSION_INFO_PREFIX = "";
			};
			name = Debug;
		};
		A1D5C51C1F9F6BA1006C309E /* Release */ = {
			isa = XCBuildConfiguration;
			buildSettings = {
				ALWAYS_SEARCH_USER_PATHS = NO;
				CLANG_ANALYZER_NONNULL = YES;
				CLANG_ANALYZER_NUMBER_OBJECT_CONVERSION = YES_AGGRESSIVE;
				CLANG_CXX_LANGUAGE_STANDARD = "gnu++14";
				CLANG_CXX_LIBRARY = "libc++";
				CLANG_ENABLE_MODULES = YES;
				CLANG_ENABLE_OBJC_ARC = YES;
				CLANG_WARN_BLOCK_CAPTURE_AUTORELEASING = YES;
				CLANG_WARN_BOOL_CONVERSION = YES;
				CLANG_WARN_COMMA = YES;
				CLANG_WARN_CONSTANT_CONVERSION = YES;
				CLANG_WARN_DIRECT_OBJC_ISA_USAGE = YES_ERROR;
				CLANG_WARN_DOCUMENTATION_COMMENTS = YES;
				CLANG_WARN_EMPTY_BODY = YES;
				CLANG_WARN_ENUM_CONVERSION = YES;
				CLANG_WARN_INFINITE_RECURSION = YES;
				CLANG_WARN_INT_CONVERSION = YES;
				CLANG_WARN_NON_LITERAL_NULL_CONVERSION = YES;
				CLANG_WARN_OBJC_LITERAL_CONVERSION = YES;
				CLANG_WARN_OBJC_ROOT_CLASS = YES_ERROR;
				CLANG_WARN_RANGE_LOOP_ANALYSIS = YES;
				CLANG_WARN_STRICT_PROTOTYPES = YES;
				CLANG_WARN_SUSPICIOUS_MOVE = YES;
				CLANG_WARN_UNGUARDED_AVAILABILITY = YES_AGGRESSIVE;
				CLANG_WARN_UNREACHABLE_CODE = YES;
				CLANG_WARN__DUPLICATE_METHOD_MATCH = YES;
				CODE_SIGN_IDENTITY = "iPhone Developer";
				COPY_PHASE_STRIP = NO;
				CURRENT_PROJECT_VERSION = 1;
				DEBUG_INFORMATION_FORMAT = "dwarf-with-dsym";
				ENABLE_NS_ASSERTIONS = NO;
				ENABLE_STRICT_OBJC_MSGSEND = YES;
				GCC_C_LANGUAGE_STANDARD = gnu11;
				GCC_NO_COMMON_BLOCKS = YES;
				GCC_WARN_64_TO_32_BIT_CONVERSION = YES;
				GCC_WARN_ABOUT_RETURN_TYPE = YES_ERROR;
				GCC_WARN_UNDECLARED_SELECTOR = YES;
				GCC_WARN_UNINITIALIZED_AUTOS = YES_AGGRESSIVE;
				GCC_WARN_UNUSED_FUNCTION = YES;
				GCC_WARN_UNUSED_VARIABLE = YES;
				IPHONEOS_DEPLOYMENT_TARGET = 11.0;
				MTL_ENABLE_DEBUG_INFO = NO;
				SDKROOT = iphoneos;
				VALIDATE_PRODUCT = YES;
				VERSIONING_SYSTEM = "apple-generic";
				VERSION_INFO_PREFIX = "";
			};
			name = Release;
		};
		A1D5C51E1F9F6BA1006C309E /* Debug */ = {
			isa = XCBuildConfiguration;
			buildSettings = {
				CODE_SIGN_IDENTITY = "";
				CODE_SIGN_STYLE = Automatic;
				DEFINES_MODULE = YES;
				DYLIB_COMPATIBILITY_VERSION = 1;
				DYLIB_CURRENT_VERSION = 1;
				DYLIB_INSTALL_NAME_BASE = "@rpath";
				INFOPLIST_FILE = "OCChart/Support File/Info.plist";
				INSTALL_PATH = "$(LOCAL_LIBRARY_DIR)/Frameworks";
				IPHONEOS_DEPLOYMENT_TARGET = 9.0;
				LD_RUNPATH_SEARCH_PATHS = "$(inherited) @executable_path/Frameworks @loader_path/Frameworks";
				PRODUCT_BUNDLE_IDENTIFIER = com.luli.OCChart;
				PRODUCT_NAME = "$(TARGET_NAME:c99extidentifier)";
				SKIP_INSTALL = YES;
				TARGETED_DEVICE_FAMILY = "1,2";
			};
			name = Debug;
		};
		A1D5C51F1F9F6BA1006C309E /* Release */ = {
			isa = XCBuildConfiguration;
			buildSettings = {
				CODE_SIGN_IDENTITY = "";
				CODE_SIGN_STYLE = Automatic;
				DEFINES_MODULE = YES;
				DYLIB_COMPATIBILITY_VERSION = 1;
				DYLIB_CURRENT_VERSION = 1;
				DYLIB_INSTALL_NAME_BASE = "@rpath";
				INFOPLIST_FILE = "OCChart/Support File/Info.plist";
				INSTALL_PATH = "$(LOCAL_LIBRARY_DIR)/Frameworks";
				IPHONEOS_DEPLOYMENT_TARGET = 9.0;
				LD_RUNPATH_SEARCH_PATHS = "$(inherited) @executable_path/Frameworks @loader_path/Frameworks";
				PRODUCT_BUNDLE_IDENTIFIER = com.luli.OCChart;
				PRODUCT_NAME = "$(TARGET_NAME:c99extidentifier)";
				SKIP_INSTALL = YES;
				TARGETED_DEVICE_FAMILY = "1,2";
			};
			name = Release;
		};
		A1D5C5211F9F6BA1006C309E /* Debug */ = {
			isa = XCBuildConfiguration;
			buildSettings = {
				CODE_SIGN_STYLE = Automatic;
				INFOPLIST_FILE = OCChartTests/Info.plist;
				LD_RUNPATH_SEARCH_PATHS = "$(inherited) @executable_path/Frameworks @loader_path/Frameworks";
				PRODUCT_BUNDLE_IDENTIFIER = com.luli.OCChartTests;
				PRODUCT_NAME = "$(TARGET_NAME)";
				TARGETED_DEVICE_FAMILY = "1,2";
			};
			name = Debug;
		};
		A1D5C5221F9F6BA1006C309E /* Release */ = {
			isa = XCBuildConfiguration;
			buildSettings = {
				CODE_SIGN_STYLE = Automatic;
				INFOPLIST_FILE = OCChartTests/Info.plist;
				LD_RUNPATH_SEARCH_PATHS = "$(inherited) @executable_path/Frameworks @loader_path/Frameworks";
				PRODUCT_BUNDLE_IDENTIFIER = com.luli.OCChartTests;
				PRODUCT_NAME = "$(TARGET_NAME)";
				TARGETED_DEVICE_FAMILY = "1,2";
			};
			name = Release;
		};
/* End XCBuildConfiguration section */

/* Begin XCConfigurationList section */
		A1D5C5031F9F6BA0006C309E /* Build configuration list for PBXProject "OCChart" */ = {
			isa = XCConfigurationList;
			buildConfigurations = (
				A1D5C51B1F9F6BA1006C309E /* Debug */,
				A1D5C51C1F9F6BA1006C309E /* Release */,
			);
			defaultConfigurationIsVisible = 0;
			defaultConfigurationName = Release;
		};
		A1D5C51D1F9F6BA1006C309E /* Build configuration list for PBXNativeTarget "OCChart" */ = {
			isa = XCConfigurationList;
			buildConfigurations = (
				A1D5C51E1F9F6BA1006C309E /* Debug */,
				A1D5C51F1F9F6BA1006C309E /* Release */,
			);
			defaultConfigurationIsVisible = 0;
			defaultConfigurationName = Release;
		};
		A1D5C5201F9F6BA1006C309E /* Build configuration list for PBXNativeTarget "OCChartTests" */ = {
			isa = XCConfigurationList;
			buildConfigurations = (
				A1D5C5211F9F6BA1006C309E /* Debug */,
				A1D5C5221F9F6BA1006C309E /* Release */,
			);
			defaultConfigurationIsVisible = 0;
			defaultConfigurationName = Release;
		};
/* End XCConfigurationList section */
	};
	rootObject = A1D5C5001F9F6BA0006C309E /* Project object */;
}
